{
  "name": "docs",
  "version": "1.0.0",
  "lockfileVersion": 3,
  "requires": true,
  "packages": {
    "": {
      "name": "docs",
      "version": "1.0.0",
      "dependencies": {
        "@langchain/docs-sandbox": "^0.0.21"
      }
    },
    "node_modules/@langchain/docs-sandbox": {
      "version": "0.0.21",
      "resolved": "https://registry.npmjs.org/@langchain/docs-sandbox/-/docs-sandbox-0.0.21.tgz",
      "integrity": "sha512-lAAJvLP6fqrL2kKGbcIOVbvt0EzjafGqCg0cvEC4KLCHNy351wQtumlJ2oeu6aD+KK/fmVa+goTtgVYC3FPgkQ==",
      "peerDependencies": {
        "@langchain/playground-preview-protocol": "workspace:*",
        "react": "^18 || ^19",
        "zod": "^4.3.6"
      }
    }
  }
}
